
Microsoft Visual Studio Solution File, Format Version 12.00
# Visual Studio Version 16
VisualStudioVersion = 16.0.28803.156
MinimumVisualStudioVersion = 10.0.40219.1
Project("{FAE04EC0-301F-11D3-BF4B-00C04F79EFBC}") = "ComicBookGallery", "ComicBookGallery\ComicBookGallery.csproj", "{ECF1D4AC-40AD-45EE-BA4A-CAEDEDEBC30C}"
EndProject
Global
	GlobalSection(SolutionConfigurationPlatforms) = preSolution
		Debug|Any CPU = Debug|Any CPU
		Release|Any CPU = Release|Any CPU
	EndGlobalSection
	GlobalSection(ProjectConfigurationPlatforms) = postSolution
		{ECF1D4AC-40AD-45EE-BA4A-CAEDEDEBC30C}.Debug|Any CPU.ActiveCfg = Debug|Any CPU
		{ECF1D4AC-40AD-45EE-BA4A-CAEDEDEBC30C}.Debug|Any CPU.Build.0 = Debug|Any CPU
		{ECF1D4AC-40AD-45EE-BA4A-CAEDEDEBC30C}.Release|Any CPU.ActiveCfg = Release|Any CPU
		{ECF1D4AC-40AD-45EE-BA4A-CAEDEDEBC30C}.Release|Any CPU.Build.0 = Release|Any CPU
	EndGlobalSection
	GlobalSection(SolutionProperties) = preSolution
		HideSolutionNode = FALSE
	EndGlobalSection
	GlobalSection(ExtensibilityGlobals) = postSolution
		SolutionGuid = {8F580B02-8202-486F-9CC5-7C09E0D5BCFC}
	EndGlobalSection
EndGlobal
